
Microsoft Visual Studio Solution File, Format Version 12.00
# Visual Studio 15
VisualStudioVersion = 15.0.28307.539
MinimumVisualStudioVersion = 10.0.40219.1
Project("{FAE04EC0-301F-11D3-BF4B-00C04F79EFBC}") = "SudokuGame", "SudokuGame\SudokuGame.csproj", "{A8131B6F-E624-4F4B-B1E1-E6B84BF489CA}"
EndProject
Global
	GlobalSection(SolutionConfigurationPlatforms) = preSolution
		Debug|Any CPU = Debug|Any CPU
		Release|Any CPU = Release|Any CPU
	EndGlobalSection
	GlobalSection(ProjectConfigurationPlatforms) = postSolution
		{A8131B6F-E624-4F4B-B1E1-E6B84BF489CA}.Debug|Any CPU.ActiveCfg = Debug|Any CPU
		{A8131B6F-E624-4F4B-B1E1-E6B84BF489CA}.Debug|Any CPU.Build.0 = Debug|Any CPU
		{A8131B6F-E624-4F4B-B1E1-E6B84BF489CA}.Release|Any CPU.ActiveCfg = Release|Any CPU
		{A8131B6F-E624-4F4B-B1E1-E6B84BF489CA}.Release|Any CPU.Build.0 = Release|Any CPU
	EndGlobalSection
	GlobalSection(SolutionProperties) = preSolution
		HideSolutionNode = FALSE
	EndGlobalSection
	GlobalSection(ExtensibilityGlobals) = postSolution
		SolutionGuid = {1DCAA222-7DBC-4B5A-9F88-1FBCB87C7E4E}
	EndGlobalSection
EndGlobal
